
Microsoft Visual Studio Solution File, Format Version 12.00
# Visual Studio Version 16
VisualStudioVersion = 16.0.30413.136
MinimumVisualStudioVersion = 10.0.40219.1
Project("{FAE04EC0-301F-11D3-BF4B-00C04F79EFBC}") = "ExploreDhaka", "ExploreDhaka\ExploreDhaka.csproj", "{0D207214-DD04-4061-9AF0-44F6CF8DF663}"
EndProject
Global
	GlobalSection(SolutionConfigurationPlatforms) = preSolution
		Debug|Any CPU = Debug|Any CPU
		Release|Any CPU = Release|Any CPU
	EndGlobalSection
	GlobalSection(ProjectConfigurationPlatforms) = postSolution
		{0D207214-DD04-4061-9AF0-44F6CF8DF663}.Debug|Any CPU.ActiveCfg = Debug|Any CPU
		{0D207214-DD04-4061-9AF0-44F6CF8DF663}.Debug|Any CPU.Build.0 = Debug|Any CPU
		{0D207214-DD04-4061-9AF0-44F6CF8DF663}.Release|Any CPU.ActiveCfg = Release|Any CPU
		{0D207214-DD04-4061-9AF0-44F6CF8DF663}.Release|Any CPU.Build.0 = Release|Any CPU
	EndGlobalSection
	GlobalSection(SolutionProperties) = preSolution
		HideSolutionNode = FALSE
	EndGlobalSection
	GlobalSection(ExtensibilityGlobals) = postSolution
		SolutionGuid = {9C53B76A-FC55-4CE5-AC07-67B98451B466}
	EndGlobalSection
EndGlobal
